
Microsoft Visual Studio Solution File, Format Version 12.00
# Visual Studio Version 17
VisualStudioVersion = 17.10.34707.107
MinimumVisualStudioVersion = 10.0.40219.1
Project("{FAE04EC0-301F-11D3-BF4B-00C04F79EFBC}") = "QLNhaSach", "QLNhaSach.csproj", "{668CF406-9E48-4FCD-ADAA-817197E5DFF9}"
EndProject
Global
	GlobalSection(SolutionConfigurationPlatforms) = preSolution
		Debug|Any CPU = Debug|Any CPU
		Release|Any CPU = Release|Any CPU
	EndGlobalSection
	GlobalSection(ProjectConfigurationPlatforms) = postSolution
		{668CF406-9E48-4FCD-ADAA-817197E5DFF9}.Debug|Any CPU.ActiveCfg = Debug|Any CPU
		{668CF406-9E48-4FCD-ADAA-817197E5DFF9}.Debug|Any CPU.Build.0 = Debug|Any CPU
		{668CF406-9E48-4FCD-ADAA-817197E5DFF9}.Release|Any CPU.ActiveCfg = Release|Any CPU
		{668CF406-9E48-4FCD-ADAA-817197E5DFF9}.Release|Any CPU.Build.0 = Release|Any CPU
	EndGlobalSection
	GlobalSection(SolutionProperties) = preSolution
		HideSolutionNode = FALSE
	EndGlobalSection
	GlobalSection(ExtensibilityGlobals) = postSolution
		SolutionGuid = {6DFC9411-F541-443B-BF55-58BA2AFB9310}
	EndGlobalSection
EndGlobal
